// !$*UTF8*$!
{
	archiveVersion = 1;
	classes = {
	};
	objectVersion = 46;
	objects = {

/* Begin PBXBuildFile section */
		868B8F36147F41E6005FED5F /* ParserDelegate.m in Sources */ = {isa = PBXBuildFile; fileRef = 868B8F35147F41E6005FED5F /* ParserDelegate.m */; };
		868B8F39147F42EB005FED5F /* CoreParse.framework in Frameworks */ = {isa = PBXBuildFile; fileRef = 868B8F38147F42EB005FED5F /* CoreParse.framework */; };
		868B8F56147F4CC4005FED5F /* Factor.m in Sources */ = {isa = PBXBuildFile; fileRef = 868B8F55147F4CC3005FED5F /* Factor.m */; };
		86E0F7D3147EBE9600EB18B5 /* Foundation.framework in Frameworks */ = {isa = PBXBuildFile; fileRef = 86E0F7D2147EBE9500EB18B5 /* Foundation.framework */; };
		86E0F7D6147EBE9600EB18B5 /* main.m in Sources */ = {isa = PBXBuildFile; fileRef = 86E0F7D5147EBE9600EB18B5 /* main.m */; };
		86FDAE34147ED878009A1CA4 /* TokeniserDelegate.m in Sources */ = {isa = PBXBuildFile; fileRef = 86FDAE33147ED878009A1CA4 /* TokeniserDelegate.m */; };
		86FDAE40147EE17D009A1CA4 /* Expression.m in Sources */ = {isa = PBXBuildFile; fileRef = 86FDAE3F147EE17D009A1CA4 /* Expression.m */; };
		86FDAE44147EE1DE009A1CA4 /* Term.m in Sources */ = {isa = PBXBuildFile; fileRef = 86FDAE43147EE1DE009A1CA4 /* Term.m */; };
/* End PBXBuildFile section */

/* Begin PBXFileReference section */
		868B8F34147F41E6005FED5F /* ParserDelegate.h */ = {isa = PBXFileReference; fileEncoding = 4; lastKnownFileType = sourcecode.c.h; path = ParserDelegate.h; sourceTree = "<group>"; };
		868B8F35147F41E6005FED5F /* ParserDelegate.m */ = {isa = PBXFileReference; fileEncoding = 4; lastKnownFileType = sourcecode.c.objc; path = ParserDelegate.m; sourceTree = "<group>"; };
		868B8F38147F42EB005FED5F /* CoreParse.framework */ = {isa = PBXFileReference; lastKnownFileType = wrapper.framework; name = CoreParse.framework; path = ../../Library/Frameworks/CoreParse.framework; sourceTree = "<group>"; };
		868B8F54147F4CC3005FED5F /* Factor.h */ = {isa = PBXFileReference; fileEncoding = 4; lastKnownFileType = sourcecode.c.h; path = Factor.h; sourceTree = "<group>"; };
		868B8F55147F4CC3005FED5F /* Factor.m */ = {isa = PBXFileReference; fileEncoding = 4; lastKnownFileType = sourcecode.c.objc; path = Factor.m; sourceTree = "<group>"; };
		86E0F7CE147EBE9500EB18B5 /* ParseTest */ = {isa = PBXFileReference; explicitFileType = "compiled.mach-o.executable"; includeInIndex = 0; path = ParseTest; sourceTree = BUILT_PRODUCTS_DIR; };
		86E0F7D2147EBE9500EB18B5 /* Foundation.framework */ = {isa = PBXFileReference; lastKnownFileType = wrapper.framework; name = Foundation.framework; path = System/Library/Frameworks/Foundation.framework; sourceTree = SDKROOT; };
		86E0F7D5147EBE9600EB18B5 /* main.m */ = {isa = PBXFileReference; lastKnownFileType = sourcecode.c.objc; path = main.m; sourceTree = "<group>"; };
		86E0F7D8147EBE9600EB18B5 /* ParseTest-Prefix.pch */ = {isa = PBXFileReference; lastKnownFileType = sourcecode.c.h; path = "ParseTest-Prefix.pch"; sourceTree = "<group>"; };
		86FDAE32147ED878009A1CA4 /* TokeniserDelegate.h */ = {isa = PBXFileReference; fileEncoding = 4; lastKnownFileType = sourcecode.c.h; path = TokeniserDelegate.h; sourceTree = "<group>"; };
		86FDAE33147ED878009A1CA4 /* TokeniserDelegate.m */ = {isa = PBXFileReference; fileEncoding = 4; lastKnownFileType = sourcecode.c.objc; path = TokeniserDelegate.m; sourceTree = "<group>"; };
		86FDAE3E147EE17D009A1CA4 /* Expression.h */ = {isa = PBXFileReference; fileEncoding = 4; lastKnownFileType = sourcecode.c.h; path = Expression.h; sourceTree = "<group>"; };
		86FDAE3F147EE17D009A1CA4 /* Expression.m */ = {isa = PBXFileReference; fileEncoding = 4; lastKnownFileType = sourcecode.c.objc; path = Expression.m; sourceTree = "<group>"; };
		86FDAE42147EE1DE009A1CA4 /* Term.h */ = {isa = PBXFileReference; fileEncoding = 4; lastKnownFileType = sourcecode.c.h; path = Term.h; sourceTree = "<group>"; };
		86FDAE43147EE1DE009A1CA4 /* Term.m */ = {isa = PBXFileReference; fileEncoding = 4; lastKnownFileType = sourcecode.c.objc; path = Term.m; sourceTree = "<group>"; };
/* End PBXFileReference section */

/* Begin PBXFrameworksBuildPhase section */
		86E0F7CB147EBE9500EB18B5 /* Frameworks */ = {
			isa = PBXFrameworksBuildPhase;
			buildActionMask = 2147483647;
			files = (
				86E0F7D3147EBE9600EB18B5 /* Foundation.framework in Frameworks */,
				868B8F39147F42EB005FED5F /* CoreParse.framework in Frameworks */,
			);
			runOnlyForDeploymentPostprocessing = 0;
		};
/* End PBXFrameworksBuildPhase section */

/* Begin PBXGroup section */
		86E0F7C3147EBE9500EB18B5 = {
			isa = PBXGroup;
			children = (
				86E0F7D4147EBE9600EB18B5 /* ParseTest */,
				86E0F7D1147EBE9500EB18B5 /* Frameworks */,
				86E0F7CF147EBE9500EB18B5 /* Products */,
			);
			sourceTree = "<group>";
		};
		86E0F7CF147EBE9500EB18B5 /* Products */ = {
			isa = PBXGroup;
			children = (
				86E0F7CE147EBE9500EB18B5 /* ParseTest */,
			);
			name = Products;
			sourceTree = "<group>";
		};
		86E0F7D1147EBE9500EB18B5 /* Frameworks */ = {
			isa = PBXGroup;
			children = (
				868B8F38147F42EB005FED5F /* CoreParse.framework */,
				86E0F7D2147EBE9500EB18B5 /* Foundation.framework */,
			);
			name = Frameworks;
			sourceTree = "<group>";
		};
		86E0F7D4147EBE9600EB18B5 /* ParseTest */ = {
			isa = PBXGroup;
			children = (
				86E0F7D5147EBE9600EB18B5 /* main.m */,
				86FDAE3E147EE17D009A1CA4 /* Expression.h */,
				86FDAE3F147EE17D009A1CA4 /* Expression.m */,
				868B8F54147F4CC3005FED5F /* Factor.h */,
				868B8F55147F4CC3005FED5F /* Factor.m */,
				86FDAE42147EE1DE009A1CA4 /* Term.h */,
				86FDAE43147EE1DE009A1CA4 /* Term.m */,
				86FDAE32147ED878009A1CA4 /* TokeniserDelegate.h */,
				86FDAE33147ED878009A1CA4 /* TokeniserDelegate.m */,
				868B8F34147F41E6005FED5F /* ParserDelegate.h */,
				868B8F35147F41E6005FED5F /* ParserDelegate.m */,
				86E0F7D7147EBE9600EB18B5 /* Supporting Files */,
			);
			path = ParseTest;
			sourceTree = "<group>";
		};
		86E0F7D7147EBE9600EB18B5 /* Supporting Files */ = {
			isa = PBXGroup;
			children = (
				86E0F7D8147EBE9600EB18B5 /* ParseTest-Prefix.pch */,
			);
			name = "Supporting Files";
			sourceTree = "<group>";
		};
/* End PBXGroup section */

/* Begin PBXNativeTarget section */
		86E0F7CD147EBE9500EB18B5 /* ParseTest */ = {
			isa = PBXNativeTarget;
			buildConfigurationList = 86E0F7DD147EBE9600EB18B5 /* Build configuration list for PBXNativeTarget "ParseTest" */;
			buildPhases = (
				86E0F7CA147EBE9500EB18B5 /* Sources */,
				86E0F7CB147EBE9500EB18B5 /* Frameworks */,
			);
			buildRules = (
			);
			dependencies = (
			);
			name = ParseTest;
			productName = ParseTest;
			productReference = 86E0F7CE147EBE9500EB18B5 /* ParseTest */;
			productType = "com.apple.product-type.tool";
		};
/* End PBXNativeTarget section */

/* Begin PBXProject section */
		86E0F7C5147EBE9500EB18B5 /* Project object */ = {
			isa = PBXProject;
			attributes = {
				LastUpgradeCheck = 0420;
			};
			buildConfigurationList = 86E0F7C8147EBE9500EB18B5 /* Build configuration list for PBXProject "ParseTest" */;
			compatibilityVersion = "Xcode 3.2";
			developmentRegion = English;
			hasScannedForEncodings = 0;
			knownRegions = (
				en,
			);
			mainGroup = 86E0F7C3147EBE9500EB18B5;
			productRefGroup = 86E0F7CF147EBE9500EB18B5 /* Products */;
			projectDirPath = "";
			projectRoot = "";
			targets = (
				86E0F7CD147EBE9500EB18B5 /* ParseTest */,
			);
		};
/* End PBXProject section */

/* Begin PBXSourcesBuildPhase section */
		86E0F7CA147EBE9500EB18B5 /* Sources */ = {
			isa = PBXSourcesBuildPhase;
			buildActionMask = 2147483647;
			files = (
				86E0F7D6147EBE9600EB18B5 /* main.m in Sources */,
				86FDAE34147ED878009A1CA4 /* TokeniserDelegate.m in Sources */,
				86FDAE40147EE17D009A1CA4 /* Expression.m in Sources */,
				86FDAE44147EE1DE009A1CA4 /* Term.m in Sources */,
				868B8F36147F41E6005FED5F /* ParserDelegate.m in Sources */,
				868B8F56147F4CC4005FED5F /* Factor.m in Sources */,
			);
			runOnlyForDeploymentPostprocessing = 0;
		};
/* End PBXSourcesBuildPhase section */

/* Begin XCBuildConfiguration section */
		86E0F7DB147EBE9600EB18B5 /* Debug */ = {
			isa = XCBuildConfiguration;
			buildSettings = {
				ALWAYS_SEARCH_USER_PATHS = YES;
				ARCHS = "$(ARCHS_STANDARD_64_BIT)";
				CLANG_ENABLE_OBJC_ARC = YES;
				COPY_PHASE_STRIP = NO;
				GCC_C_LANGUAGE_STANDARD = gnu99;
				GCC_DYNAMIC_NO_PIC = NO;
				GCC_ENABLE_OBJC_EXCEPTIONS = YES;
				GCC_OPTIMIZATION_LEVEL = 0;
				GCC_PREPROCESSOR_DEFINITIONS = (
					"DEBUG=1",
					"$(inherited)",
				);
				GCC_SYMBOLS_PRIVATE_EXTERN = NO;
				GCC_VERSION = com.apple.compilers.llvm.clang.1_0;
				GCC_WARN_64_TO_32_BIT_CONVERSION = YES;
				GCC_WARN_ABOUT_MISSING_PROTOTYPES = YES;
				GCC_WARN_ABOUT_RETURN_TYPE = YES;
				GCC_WARN_UNUSED_VARIABLE = YES;
				MACOSX_DEPLOYMENT_TARGET = 10.7;
				ONLY_ACTIVE_ARCH = YES;
				SDKROOT = macosx;
			};
			name = Debug;
		};
		86E0F7DC147EBE9600EB18B5 /* Release */ = {
			isa = XCBuildConfiguration;
			buildSettings = {
				ALWAYS_SEARCH_USER_PATHS = YES;
				ARCHS = "$(ARCHS_STANDARD_64_BIT)";
				CLANG_ENABLE_OBJC_ARC = YES;
				COPY_PHASE_STRIP = YES;
				DEBUG_INFORMATION_FORMAT = "dwarf-with-dsym";
				GCC_C_LANGUAGE_STANDARD = gnu99;
				GCC_ENABLE_OBJC_EXCEPTIONS = YES;
				GCC_VERSION = com.apple.compilers.llvm.clang.1_0;
				GCC_WARN_64_TO_32_BIT_CONVERSION = YES;
				GCC_WARN_ABOUT_MISSING_PROTOTYPES = YES;
				GCC_WARN_ABOUT_RETURN_TYPE = YES;
				GCC_WARN_UNUSED_VARIABLE = YES;
				MACOSX_DEPLOYMENT_TARGET = 10.7;
				SDKROOT = macosx;
			};
			name = Release;
		};
		86E0F7DE147EBE9600EB18B5 /* Debug */ = {
			isa = XCBuildConfiguration;
			buildSettings = {
				FRAMEWORK_SEARCH_PATHS = "\"~/Library/Frameworks\"";
				GCC_PRECOMPILE_PREFIX_HEADER = YES;
				GCC_PREFIX_HEADER = "ParseTest/ParseTest-Prefix.pch";
				PRODUCT_NAME = "$(TARGET_NAME)";
			};
			name = Debug;
		};
		86E0F7DF147EBE9600EB18B5 /* Release */ = {
			isa = XCBuildConfiguration;
			buildSettings = {
				FRAMEWORK_SEARCH_PATHS = "\"~/Library/Frameworks\"";
				GCC_PRECOMPILE_PREFIX_HEADER = YES;
				GCC_PREFIX_HEADER = "ParseTest/ParseTest-Prefix.pch";
				PRODUCT_NAME = "$(TARGET_NAME)";
			};
			name = Release;
		};
/* End XCBuildConfiguration section */

/* Begin XCConfigurationList section */
		86E0F7C8147EBE9500EB18B5 /* Build configuration list for PBXProject "ParseTest" */ = {
			isa = XCConfigurationList;
			buildConfigurations = (
				86E0F7DB147EBE9600EB18B5 /* Debug */,
				86E0F7DC147EBE9600EB18B5 /* Release */,
			);
			defaultConfigurationIsVisible = 0;
			defaultConfigurationName = Release;
		};
		86E0F7DD147EBE9600EB18B5 /* Build configuration list for PBXNativeTarget "ParseTest" */ = {
			isa = XCConfigurationList;
			buildConfigurations = (
				86E0F7DE147EBE9600EB18B5 /* Debug */,
				86E0F7DF147EBE9600EB18B5 /* Release */,
			);
			defaultConfigurationIsVisible = 0;
			defaultConfigurationName = Release;
		};
/* End XCConfigurationList section */
	};
	rootObject = 86E0F7C5147EBE9500EB18B5 /* Project object */;
}
